
Microsoft Visual Studio Solution File, Format Version 12.00
# Visual Studio Version 16
VisualStudioVersion = 16.0.29215.179
MinimumVisualStudioVersion = 10.0.40219.1
Project("{FAE04EC0-301F-11D3-BF4B-00C04F79EFBC}") = "ConsoleApp", "..\ConsoleApp\ConsoleApp\ConsoleApp.csproj", "{F5273345-42CB-41F9-BF64-4F5251EEAB21}"
EndProject
Project("{FAE04EC0-301F-11D3-BF4B-00C04F79EFBC}") = "ScoreBoard", "..\ScoreBoard\ScoreBoard\ScoreBoard.csproj", "{A3685DBC-9C00-4D94-B4D5-038D52114918}"
EndProject
Global
	GlobalSection(SolutionConfigurationPlatforms) = preSolution
		Debug|Any CPU = Debug|Any CPU
		Release|Any CPU = Release|Any CPU
	EndGlobalSection
	GlobalSection(ProjectConfigurationPlatforms) = postSolution
		{F5273345-42CB-41F9-BF64-4F5251EEAB21}.Debug|Any CPU.ActiveCfg = Debug|Any CPU
		{F5273345-42CB-41F9-BF64-4F5251EEAB21}.Debug|Any CPU.Build.0 = Debug|Any CPU
		{F5273345-42CB-41F9-BF64-4F5251EEAB21}.Release|Any CPU.ActiveCfg = Release|Any CPU
		{F5273345-42CB-41F9-BF64-4F5251EEAB21}.Release|Any CPU.Build.0 = Release|Any CPU
		{A3685DBC-9C00-4D94-B4D5-038D52114918}.Debug|Any CPU.ActiveCfg = Debug|Any CPU
		{A3685DBC-9C00-4D94-B4D5-038D52114918}.Debug|Any CPU.Build.0 = Debug|Any CPU
		{A3685DBC-9C00-4D94-B4D5-038D52114918}.Release|Any CPU.ActiveCfg = Release|Any CPU
		{A3685DBC-9C00-4D94-B4D5-038D52114918}.Release|Any CPU.Build.0 = Release|Any CPU
	EndGlobalSection
	GlobalSection(SolutionProperties) = preSolution
		HideSolutionNode = FALSE
	EndGlobalSection
	GlobalSection(ExtensibilityGlobals) = postSolution
		SolutionGuid = {76999982-E102-4C35-885A-C5379B8F5592}
	EndGlobalSection
EndGlobal
